
Microsoft Visual Studio Solution File, Format Version 12.00
# Visual Studio Version 17
VisualStudioVersion = 17.5.002.0
MinimumVisualStudioVersion = 10.0.40219.1
Project("{9A19103F-16F7-4668-BE54-9A1E7A4F7556}") = "Sem1Task0", "Sem1Task0\Sem1Task0.csproj", "{A3A26F71-425A-46CD-8FF2-62A8761AFA8E}"
EndProject
Project("{9A19103F-16F7-4668-BE54-9A1E7A4F7556}") = "Sem1Task1", "Sem1Task1\Sem1Task1.csproj", "{B9BEF390-2D67-48BF-879D-39BD5EDAA72C}"
EndProject
Project("{FAE04EC0-301F-11D3-BF4B-00C04F79EFBC}") = "Sem1Task3", "Sem1Task3\Sem1Task3.csproj", "{06220EA3-5ACC-41E5-8948-61F348EB073C}"
EndProject
Project("{FAE04EC0-301F-11D3-BF4B-00C04F79EFBC}") = "Sem1Task5", "Sem1Task5\Sem1Task5.csproj", "{1F6356F7-6814-423C-A59F-37932EBBA6C8}"
EndProject
Project("{FAE04EC0-301F-11D3-BF4B-00C04F79EFBC}") = "Sem1Task7", "Sem1Task7\Sem1Task7.csproj", "{6D5ECB1F-49F7-4C3E-94E4-F36D7E0D4A9E}"
EndProject
Project("{FAE04EC0-301F-11D3-BF4B-00C04F79EFBC}") = "Sem1Task2", "Sem1Task2\Sem1Task2.csproj", "{595A0234-73C8-4259-B809-963BFDFB7904}"
EndProject
Global
	GlobalSection(SolutionConfigurationPlatforms) = preSolution
		Debug|Any CPU = Debug|Any CPU
		Release|Any CPU = Release|Any CPU
	EndGlobalSection
	GlobalSection(ProjectConfigurationPlatforms) = postSolution
		{A3A26F71-425A-46CD-8FF2-62A8761AFA8E}.Debug|Any CPU.ActiveCfg = Debug|Any CPU
		{A3A26F71-425A-46CD-8FF2-62A8761AFA8E}.Debug|Any CPU.Build.0 = Debug|Any CPU
		{A3A26F71-425A-46CD-8FF2-62A8761AFA8E}.Release|Any CPU.ActiveCfg = Release|Any CPU
		{A3A26F71-425A-46CD-8FF2-62A8761AFA8E}.Release|Any CPU.Build.0 = Release|Any CPU
		{B9BEF390-2D67-48BF-879D-39BD5EDAA72C}.Debug|Any CPU.ActiveCfg = Debug|Any CPU
		{B9BEF390-2D67-48BF-879D-39BD5EDAA72C}.Debug|Any CPU.Build.0 = Debug|Any CPU
		{B9BEF390-2D67-48BF-879D-39BD5EDAA72C}.Release|Any CPU.ActiveCfg = Release|Any CPU
		{B9BEF390-2D67-48BF-879D-39BD5EDAA72C}.Release|Any CPU.Build.0 = Release|Any CPU
		{06220EA3-5ACC-41E5-8948-61F348EB073C}.Debug|Any CPU.ActiveCfg = Debug|Any CPU
		{06220EA3-5ACC-41E5-8948-61F348EB073C}.Debug|Any CPU.Build.0 = Debug|Any CPU
		{06220EA3-5ACC-41E5-8948-61F348EB073C}.Release|Any CPU.ActiveCfg = Release|Any CPU
		{06220EA3-5ACC-41E5-8948-61F348EB073C}.Release|Any CPU.Build.0 = Release|Any CPU
		{1F6356F7-6814-423C-A59F-37932EBBA6C8}.Debug|Any CPU.ActiveCfg = Debug|Any CPU
		{1F6356F7-6814-423C-A59F-37932EBBA6C8}.Debug|Any CPU.Build.0 = Debug|Any CPU
		{1F6356F7-6814-423C-A59F-37932EBBA6C8}.Release|Any CPU.ActiveCfg = Release|Any CPU
		{1F6356F7-6814-423C-A59F-37932EBBA6C8}.Release|Any CPU.Build.0 = Release|Any CPU
		{6D5ECB1F-49F7-4C3E-94E4-F36D7E0D4A9E}.Debug|Any CPU.ActiveCfg = Debug|Any CPU
		{6D5ECB1F-49F7-4C3E-94E4-F36D7E0D4A9E}.Debug|Any CPU.Build.0 = Debug|Any CPU
		{6D5ECB1F-49F7-4C3E-94E4-F36D7E0D4A9E}.Release|Any CPU.ActiveCfg = Release|Any CPU
		{6D5ECB1F-49F7-4C3E-94E4-F36D7E0D4A9E}.Release|Any CPU.Build.0 = Release|Any CPU
		{595A0234-73C8-4259-B809-963BFDFB7904}.Debug|Any CPU.ActiveCfg = Debug|Any CPU
		{595A0234-73C8-4259-B809-963BFDFB7904}.Debug|Any CPU.Build.0 = Debug|Any CPU
		{595A0234-73C8-4259-B809-963BFDFB7904}.Release|Any CPU.ActiveCfg = Release|Any CPU
		{595A0234-73C8-4259-B809-963BFDFB7904}.Release|Any CPU.Build.0 = Release|Any CPU
	EndGlobalSection
	GlobalSection(SolutionProperties) = preSolution
		HideSolutionNode = FALSE
	EndGlobalSection
	GlobalSection(ExtensibilityGlobals) = postSolution
		SolutionGuid = {7811F872-52EB-4E87-A213-0844C9AF7594}
	EndGlobalSection
EndGlobal
